// !$*UTF8*$!
{
	archiveVersion = 1;
	classes = {
	};
	objectVersion = 50;
	objects = {

/* Begin PBXBuildFile section */
		F027936A24E2224600F72530 /* ViewModel.swift in Sources */ = {isa = PBXBuildFile; fileRef = F027936924E2224600F72530 /* ViewModel.swift */; };
		F0B5053A24DD92E0008C97BD /* AppDelegate.swift in Sources */ = {isa = PBXBuildFile; fileRef = F0B5053924DD92E0008C97BD /* AppDelegate.swift */; };
		F0B5053C24DD92E0008C97BD /* SceneDelegate.swift in Sources */ = {isa = PBXBuildFile; fileRef = F0B5053B24DD92E0008C97BD /* SceneDelegate.swift */; };
		F0B5054324DD92E2008C97BD /* Assets.xcassets in Resources */ = {isa = PBXBuildFile; fileRef = F0B5054224DD92E2008C97BD /* Assets.xcassets */; };
		F0B5054624DD92E2008C97BD /* LaunchScreen.storyboard in Resources */ = {isa = PBXBuildFile; fileRef = F0B5054424DD92E2008C97BD /* LaunchScreen.storyboard */; };
		F0B5055A24DD9340008C97BD /* Cartfile in Resources */ = {isa = PBXBuildFile; fileRef = F0B5055924DD9340008C97BD /* Cartfile */; };
		F0B5055E24DD93B3008C97BD /* Realm.framework in Frameworks */ = {isa = PBXBuildFile; fileRef = F0B5055C24DD93B3008C97BD /* Realm.framework */; };
		F0B5055F24DD93B3008C97BD /* Realm.framework in Embed Frameworks */ = {isa = PBXBuildFile; fileRef = F0B5055C24DD93B3008C97BD /* Realm.framework */; settings = {ATTRIBUTES = (CodeSignOnCopy, RemoveHeadersOnCopy, ); }; };
		F0B5056024DD93B3008C97BD /* RealmSwift.framework in Frameworks */ = {isa = PBXBuildFile; fileRef = F0B5055D24DD93B3008C97BD /* RealmSwift.framework */; };
		F0B5056124DD93B3008C97BD /* RealmSwift.framework in Embed Frameworks */ = {isa = PBXBuildFile; fileRef = F0B5055D24DD93B3008C97BD /* RealmSwift.framework */; settings = {ATTRIBUTES = (CodeSignOnCopy, RemoveHeadersOnCopy, ); }; };
		F0B5056624DD93ED008C97BD /* Person.swift in Sources */ = {isa = PBXBuildFile; fileRef = F0B5056524DD93ED008C97BD /* Person.swift */; };
		F0B5056924DD94B1008C97BD /* PeopleViewController.swift in Sources */ = {isa = PBXBuildFile; fileRef = F0B5056824DD94B1008C97BD /* PeopleViewController.swift */; };
		F0B5056B24DD94BF008C97BD /* PeopleViewModel.swift in Sources */ = {isa = PBXBuildFile; fileRef = F0B5056A24DD94BF008C97BD /* PeopleViewModel.swift */; };
		F0B5056D24DE08D9008C97BD /* RealmConfig.swift in Sources */ = {isa = PBXBuildFile; fileRef = F0B5056C24DE08D9008C97BD /* RealmConfig.swift */; };
		F0B5056F24DE1612008C97BD /* People.storyboard in Resources */ = {isa = PBXBuildFile; fileRef = F0B5056E24DE1612008C97BD /* People.storyboard */; };
		F0D0DDFA24E70BAE00BAA38E /* ObservableArray.swift in Sources */ = {isa = PBXBuildFile; fileRef = F0D0DDF924E70BAE00BAA38E /* ObservableArray.swift */; };
		F0D0DDFC24E8BE9800BAA38E /* README.md in Resources */ = {isa = PBXBuildFile; fileRef = F0D0DDFB24E8BE9800BAA38E /* README.md */; };
		F0F7E01124E24D6E00313C7F /* PersonViewModel.swift in Sources */ = {isa = PBXBuildFile; fileRef = F0F7E01024E24D6E00313C7F /* PersonViewModel.swift */; };
		F0F7E01324E24D7B00313C7F /* PersonViewController.swift in Sources */ = {isa = PBXBuildFile; fileRef = F0F7E01224E24D7B00313C7F /* PersonViewController.swift */; };
		F0F7E01524E24DCF00313C7F /* Person.storyboard in Resources */ = {isa = PBXBuildFile; fileRef = F0F7E01424E24DCF00313C7F /* Person.storyboard */; };
		F0F7E01724E26BC200313C7F /* BindingSupport.swift in Sources */ = {isa = PBXBuildFile; fileRef = F0F7E01624E26BC200313C7F /* BindingSupport.swift */; };
		F0F7E01924E2731100313C7F /* UIKitBindings.swift in Sources */ = {isa = PBXBuildFile; fileRef = F0F7E01824E2731100313C7F /* UIKitBindings.swift */; };
		F0F7E01F24E27D8300313C7F /* TableViewBinding.swift in Sources */ = {isa = PBXBuildFile; fileRef = F0F7E01E24E27D8300313C7F /* TableViewBinding.swift */; };
		F0F7E02824E3090E00313C7F /* PersonApi.swift in Sources */ = {isa = PBXBuildFile; fileRef = F0F7E02724E3090E00313C7F /* PersonApi.swift */; };
		F0F7E02A24E30EB100313C7F /* Mutation.swift in Sources */ = {isa = PBXBuildFile; fileRef = F0F7E02924E30EB100313C7F /* Mutation.swift */; };
		F0F7E02C24E311A100313C7F /* AddPersonMutation.swift in Sources */ = {isa = PBXBuildFile; fileRef = F0F7E02B24E311A100313C7F /* AddPersonMutation.swift */; };
		F0F7E02E24E368B500313C7F /* StringError.swift in Sources */ = {isa = PBXBuildFile; fileRef = F0F7E02D24E368B500313C7F /* StringError.swift */; };
		F0F7E03124E3724F00313C7F /* AddPersonViewModel.swift in Sources */ = {isa = PBXBuildFile; fileRef = F0F7E03024E3724F00313C7F /* AddPersonViewModel.swift */; };
		F0F7E03324E3726200313C7F /* AddPersonViewController.swift in Sources */ = {isa = PBXBuildFile; fileRef = F0F7E03224E3726200313C7F /* AddPersonViewController.swift */; };
		F0F7E03524E3727100313C7F /* AddPerson.storyboard in Resources */ = {isa = PBXBuildFile; fileRef = F0F7E03424E3727100313C7F /* AddPerson.storyboard */; };
		F0F7E03724E37CF400313C7F /* TextFieldBinding.swift in Sources */ = {isa = PBXBuildFile; fileRef = F0F7E03624E37CF400313C7F /* TextFieldBinding.swift */; };
		F0F7E03924E3BC5200313C7F /* ComposableDelegate.swift in Sources */ = {isa = PBXBuildFile; fileRef = F0F7E03824E3BC5200313C7F /* ComposableDelegate.swift */; };
/* End PBXBuildFile section */

/* Begin PBXCopyFilesBuildPhase section */
		F0B5056224DD93B3008C97BD /* Embed Frameworks */ = {
			isa = PBXCopyFilesBuildPhase;
			buildActionMask = 2147483647;
			dstPath = "";
			dstSubfolderSpec = 10;
			files = (
				F0B5056124DD93B3008C97BD /* RealmSwift.framework in Embed Frameworks */,
				F0B5055F24DD93B3008C97BD /* Realm.framework in Embed Frameworks */,
			);
			name = "Embed Frameworks";
			runOnlyForDeploymentPostprocessing = 0;
		};
/* End PBXCopyFilesBuildPhase section */

/* Begin PBXFileReference section */
		F027936924E2224600F72530 /* ViewModel.swift */ = {isa = PBXFileReference; lastKnownFileType = sourcecode.swift; path = ViewModel.swift; sourceTree = "<group>"; };
		F0B5053624DD92E0008C97BD /* People.app */ = {isa = PBXFileReference; explicitFileType = wrapper.application; includeInIndex = 0; path = People.app; sourceTree = BUILT_PRODUCTS_DIR; };
		F0B5053924DD92E0008C97BD /* AppDelegate.swift */ = {isa = PBXFileReference; lastKnownFileType = sourcecode.swift; path = AppDelegate.swift; sourceTree = "<group>"; };
		F0B5053B24DD92E0008C97BD /* SceneDelegate.swift */ = {isa = PBXFileReference; lastKnownFileType = sourcecode.swift; path = SceneDelegate.swift; sourceTree = "<group>"; };
		F0B5054224DD92E2008C97BD /* Assets.xcassets */ = {isa = PBXFileReference; lastKnownFileType = folder.assetcatalog; path = Assets.xcassets; sourceTree = "<group>"; };
		F0B5054524DD92E2008C97BD /* Base */ = {isa = PBXFileReference; lastKnownFileType = file.storyboard; name = Base; path = Base.lproj/LaunchScreen.storyboard; sourceTree = "<group>"; };
		F0B5054724DD92E2008C97BD /* Info.plist */ = {isa = PBXFileReference; lastKnownFileType = text.plist.xml; path = Info.plist; sourceTree = "<group>"; };
		F0B5055924DD9340008C97BD /* Cartfile */ = {isa = PBXFileReference; lastKnownFileType = text; path = Cartfile; sourceTree = "<group>"; };
		F0B5055C24DD93B3008C97BD /* Realm.framework */ = {isa = PBXFileReference; lastKnownFileType = wrapper.framework; name = Realm.framework; path = Carthage/Build/iOS/Realm.framework; sourceTree = "<group>"; };
		F0B5055D24DD93B3008C97BD /* RealmSwift.framework */ = {isa = PBXFileReference; lastKnownFileType = wrapper.framework; name = RealmSwift.framework; path = Carthage/Build/iOS/RealmSwift.framework; sourceTree = "<group>"; };
		F0B5056524DD93ED008C97BD /* Person.swift */ = {isa = PBXFileReference; lastKnownFileType = sourcecode.swift; path = Person.swift; sourceTree = "<group>"; };
		F0B5056824DD94B1008C97BD /* PeopleViewController.swift */ = {isa = PBXFileReference; lastKnownFileType = sourcecode.swift; path = PeopleViewController.swift; sourceTree = "<group>"; };
		F0B5056A24DD94BF008C97BD /* PeopleViewModel.swift */ = {isa = PBXFileReference; lastKnownFileType = sourcecode.swift; path = PeopleViewModel.swift; sourceTree = "<group>"; };
		F0B5056C24DE08D9008C97BD /* RealmConfig.swift */ = {isa = PBXFileReference; lastKnownFileType = sourcecode.swift; path = RealmConfig.swift; sourceTree = "<group>"; };
		F0B5056E24DE1612008C97BD /* People.storyboard */ = {isa = PBXFileReference; lastKnownFileType = file.storyboard; path = People.storyboard; sourceTree = "<group>"; };
		F0D0DDF924E70BAE00BAA38E /* ObservableArray.swift */ = {isa = PBXFileReference; lastKnownFileType = sourcecode.swift; path = ObservableArray.swift; sourceTree = "<group>"; };
		F0D0DDFB24E8BE9800BAA38E /* README.md */ = {isa = PBXFileReference; fileEncoding = 4; lastKnownFileType = net.daringfireball.markdown; path = README.md; sourceTree = "<group>"; };
		F0F7E01024E24D6E00313C7F /* PersonViewModel.swift */ = {isa = PBXFileReference; lastKnownFileType = sourcecode.swift; path = PersonViewModel.swift; sourceTree = "<group>"; };
		F0F7E01224E24D7B00313C7F /* PersonViewController.swift */ = {isa = PBXFileReference; lastKnownFileType = sourcecode.swift; path = PersonViewController.swift; sourceTree = "<group>"; };
		F0F7E01424E24DCF00313C7F /* Person.storyboard */ = {isa = PBXFileReference; lastKnownFileType = file.storyboard; path = Person.storyboard; sourceTree = "<group>"; };
		F0F7E01624E26BC200313C7F /* BindingSupport.swift */ = {isa = PBXFileReference; lastKnownFileType = sourcecode.swift; path = BindingSupport.swift; sourceTree = "<group>"; };
		F0F7E01824E2731100313C7F /* UIKitBindings.swift */ = {isa = PBXFileReference; lastKnownFileType = sourcecode.swift; path = UIKitBindings.swift; sourceTree = "<group>"; };
		F0F7E01E24E27D8300313C7F /* TableViewBinding.swift */ = {isa = PBXFileReference; lastKnownFileType = sourcecode.swift; path = TableViewBinding.swift; sourceTree = "<group>"; };
		F0F7E02724E3090E00313C7F /* PersonApi.swift */ = {isa = PBXFileReference; lastKnownFileType = sourcecode.swift; path = PersonApi.swift; sourceTree = "<group>"; };
		F0F7E02924E30EB100313C7F /* Mutation.swift */ = {isa = PBXFileReference; lastKnownFileType = sourcecode.swift; path = Mutation.swift; sourceTree = "<group>"; };
		F0F7E02B24E311A100313C7F /* AddPersonMutation.swift */ = {isa = PBXFileReference; lastKnownFileType = sourcecode.swift; path = AddPersonMutation.swift; sourceTree = "<group>"; };
		F0F7E02D24E368B500313C7F /* StringError.swift */ = {isa = PBXFileReference; lastKnownFileType = sourcecode.swift; path = StringError.swift; sourceTree = "<group>"; };
		F0F7E03024E3724F00313C7F /* AddPersonViewModel.swift */ = {isa = PBXFileReference; lastKnownFileType = sourcecode.swift; path = AddPersonViewModel.swift; sourceTree = "<group>"; };
		F0F7E03224E3726200313C7F /* AddPersonViewController.swift */ = {isa = PBXFileReference; lastKnownFileType = sourcecode.swift; path = AddPersonViewController.swift; sourceTree = "<group>"; };
		F0F7E03424E3727100313C7F /* AddPerson.storyboard */ = {isa = PBXFileReference; lastKnownFileType = file.storyboard; path = AddPerson.storyboard; sourceTree = "<group>"; };
		F0F7E03624E37CF400313C7F /* TextFieldBinding.swift */ = {isa = PBXFileReference; lastKnownFileType = sourcecode.swift; path = TextFieldBinding.swift; sourceTree = "<group>"; };
		F0F7E03824E3BC5200313C7F /* ComposableDelegate.swift */ = {isa = PBXFileReference; lastKnownFileType = sourcecode.swift; path = ComposableDelegate.swift; sourceTree = "<group>"; };
/* End PBXFileReference section */

/* Begin PBXFrameworksBuildPhase section */
		F0B5053324DD92E0008C97BD /* Frameworks */ = {
			isa = PBXFrameworksBuildPhase;
			buildActionMask = 2147483647;
			files = (
				F0B5056024DD93B3008C97BD /* RealmSwift.framework in Frameworks */,
				F0B5055E24DD93B3008C97BD /* Realm.framework in Frameworks */,
			);
			runOnlyForDeploymentPostprocessing = 0;
		};
/* End PBXFrameworksBuildPhase section */

/* Begin PBXGroup section */
		F0B5052D24DD92E0008C97BD = {
			isa = PBXGroup;
			children = (
				F0D0DDFB24E8BE9800BAA38E /* README.md */,
				F0B5055924DD9340008C97BD /* Cartfile */,
				F0B5053824DD92E0008C97BD /* People */,
				F0B5053724DD92E0008C97BD /* Products */,
				F0B5055B24DD93B3008C97BD /* Frameworks */,
			);
			sourceTree = "<group>";
		};
		F0B5053724DD92E0008C97BD /* Products */ = {
			isa = PBXGroup;
			children = (
				F0B5053624DD92E0008C97BD /* People.app */,
			);
			name = Products;
			sourceTree = "<group>";
		};
		F0B5053824DD92E0008C97BD /* People */ = {
			isa = PBXGroup;
			children = (
				F0F7E02524E304BD00313C7F /* Library */,
				F0F7E02424E3045F00313C7F /* API */,
				F0B5056324DD93C9008C97BD /* Models */,
				F0F7E02624E308A500313C7F /* Mutations */,
				F0B5056424DD93D3008C97BD /* Views */,
				F0B5053924DD92E0008C97BD /* AppDelegate.swift */,
				F0B5053B24DD92E0008C97BD /* SceneDelegate.swift */,
				F0B5054224DD92E2008C97BD /* Assets.xcassets */,
				F0B5054424DD92E2008C97BD /* LaunchScreen.storyboard */,
				F0B5054724DD92E2008C97BD /* Info.plist */,
			);
			path = People;
			sourceTree = "<group>";
		};
		F0B5055B24DD93B3008C97BD /* Frameworks */ = {
			isa = PBXGroup;
			children = (
				F0B5055C24DD93B3008C97BD /* Realm.framework */,
				F0B5055D24DD93B3008C97BD /* RealmSwift.framework */,
			);
			name = Frameworks;
			sourceTree = "<group>";
		};
		F0B5056324DD93C9008C97BD /* Models */ = {
			isa = PBXGroup;
			children = (
				F0B5056524DD93ED008C97BD /* Person.swift */,
				F0B5056C24DE08D9008C97BD /* RealmConfig.swift */,
			);
			path = Models;
			sourceTree = "<group>";
		};
		F0B5056424DD93D3008C97BD /* Views */ = {
			isa = PBXGroup;
			children = (
				F0F7E02F24E3723E00313C7F /* AddPerson */,
				F0F7E00F24E24D3300313C7F /* Person */,
				F0B5056724DD949C008C97BD /* People */,
			);
			path = Views;
			sourceTree = "<group>";
		};
		F0B5056724DD949C008C97BD /* People */ = {
			isa = PBXGroup;
			children = (
				F0B5056824DD94B1008C97BD /* PeopleViewController.swift */,
				F0B5056A24DD94BF008C97BD /* PeopleViewModel.swift */,
				F0B5056E24DE1612008C97BD /* People.storyboard */,
			);
			path = People;
			sourceTree = "<group>";
		};
		F0F7E00F24E24D3300313C7F /* Person */ = {
			isa = PBXGroup;
			children = (
				F0F7E01024E24D6E00313C7F /* PersonViewModel.swift */,
				F0F7E01224E24D7B00313C7F /* PersonViewController.swift */,
				F0F7E01424E24DCF00313C7F /* Person.storyboard */,
			);
			path = Person;
			sourceTree = "<group>";
		};
		F0F7E02424E3045F00313C7F /* API */ = {
			isa = PBXGroup;
			children = (
				F0F7E02724E3090E00313C7F /* PersonApi.swift */,
			);
			path = API;
			sourceTree = "<group>";
		};
		F0F7E02524E304BD00313C7F /* Library */ = {
			isa = PBXGroup;
			children = (
				F0F7E01624E26BC200313C7F /* BindingSupport.swift */,
				F0F7E03824E3BC5200313C7F /* ComposableDelegate.swift */,
				F0F7E02924E30EB100313C7F /* Mutation.swift */,
				F0F7E02D24E368B500313C7F /* StringError.swift */,
				F0F7E01E24E27D8300313C7F /* TableViewBinding.swift */,
				F0F7E03624E37CF400313C7F /* TextFieldBinding.swift */,
				F0F7E01824E2731100313C7F /* UIKitBindings.swift */,
				F027936924E2224600F72530 /* ViewModel.swift */,
				F0D0DDF924E70BAE00BAA38E /* ObservableArray.swift */,
			);
			path = Library;
			sourceTree = "<group>";
		};
		F0F7E02624E308A500313C7F /* Mutations */ = {
			isa = PBXGroup;
			children = (
				F0F7E02B24E311A100313C7F /* AddPersonMutation.swift */,
			);
			path = Mutations;
			sourceTree = "<group>";
		};
		F0F7E02F24E3723E00313C7F /* AddPerson */ = {
			isa = PBXGroup;
			children = (
				F0F7E03024E3724F00313C7F /* AddPersonViewModel.swift */,
				F0F7E03224E3726200313C7F /* AddPersonViewController.swift */,
				F0F7E03424E3727100313C7F /* AddPerson.storyboard */,
			);
			path = AddPerson;
			sourceTree = "<group>";
		};
/* End PBXGroup section */

/* Begin PBXNativeTarget section */
		F0B5053524DD92E0008C97BD /* People */ = {
			isa = PBXNativeTarget;
			buildConfigurationList = F0B5054A24DD92E2008C97BD /* Build configuration list for PBXNativeTarget "People" */;
			buildPhases = (
				F0B5053224DD92E0008C97BD /* Sources */,
				F0B5053324DD92E0008C97BD /* Frameworks */,
				F0B5053424DD92E0008C97BD /* Resources */,
				F0B5056224DD93B3008C97BD /* Embed Frameworks */,
			);
			buildRules = (
			);
			dependencies = (
			);
			name = People;
			productName = People;
			productReference = F0B5053624DD92E0008C97BD /* People.app */;
			productType = "com.apple.product-type.application";
		};
/* End PBXNativeTarget section */

/* Begin PBXProject section */
		F0B5052E24DD92E0008C97BD /* Project object */ = {
			isa = PBXProject;
			attributes = {
				LastSwiftUpdateCheck = 1150;
				LastUpgradeCheck = 1150;
				ORGANIZATIONNAME = "Nagel Technologies";
				TargetAttributes = {
					F0B5053524DD92E0008C97BD = {
						CreatedOnToolsVersion = 11.5;
					};
				};
			};
			buildConfigurationList = F0B5053124DD92E0008C97BD /* Build configuration list for PBXProject "People" */;
			compatibilityVersion = "Xcode 9.3";
			developmentRegion = en;
			hasScannedForEncodings = 0;
			knownRegions = (
				en,
				Base,
			);
			mainGroup = F0B5052D24DD92E0008C97BD;
			productRefGroup = F0B5053724DD92E0008C97BD /* Products */;
			projectDirPath = "";
			projectRoot = "";
			targets = (
				F0B5053524DD92E0008C97BD /* People */,
			);
		};
/* End PBXProject section */

/* Begin PBXResourcesBuildPhase section */
		F0B5053424DD92E0008C97BD /* Resources */ = {
			isa = PBXResourcesBuildPhase;
			buildActionMask = 2147483647;
			files = (
				F0B5054624DD92E2008C97BD /* LaunchScreen.storyboard in Resources */,
				F0B5054324DD92E2008C97BD /* Assets.xcassets in Resources */,
				F0B5056F24DE1612008C97BD /* People.storyboard in Resources */,
				F0D0DDFC24E8BE9800BAA38E /* README.md in Resources */,
				F0B5055A24DD9340008C97BD /* Cartfile in Resources */,
				F0F7E01524E24DCF00313C7F /* Person.storyboard in Resources */,
				F0F7E03524E3727100313C7F /* AddPerson.storyboard in Resources */,
			);
			runOnlyForDeploymentPostprocessing = 0;
		};
/* End PBXResourcesBuildPhase section */

/* Begin PBXSourcesBuildPhase section */
		F0B5053224DD92E0008C97BD /* Sources */ = {
			isa = PBXSourcesBuildPhase;
			buildActionMask = 2147483647;
			files = (
				F0B5056D24DE08D9008C97BD /* RealmConfig.swift in Sources */,
				F0B5056924DD94B1008C97BD /* PeopleViewController.swift in Sources */,
				F0B5056B24DD94BF008C97BD /* PeopleViewModel.swift in Sources */,
				F0F7E01724E26BC200313C7F /* BindingSupport.swift in Sources */,
				F0F7E02C24E311A100313C7F /* AddPersonMutation.swift in Sources */,
				F0F7E03724E37CF400313C7F /* TextFieldBinding.swift in Sources */,
				F0F7E01124E24D6E00313C7F /* PersonViewModel.swift in Sources */,
				F0B5053A24DD92E0008C97BD /* AppDelegate.swift in Sources */,
				F0B5056624DD93ED008C97BD /* Person.swift in Sources */,
				F0D0DDFA24E70BAE00BAA38E /* ObservableArray.swift in Sources */,
				F0F7E01F24E27D8300313C7F /* TableViewBinding.swift in Sources */,
				F0F7E02824E3090E00313C7F /* PersonApi.swift in Sources */,
				F0F7E03924E3BC5200313C7F /* ComposableDelegate.swift in Sources */,
				F0F7E01924E2731100313C7F /* UIKitBindings.swift in Sources */,
				F0F7E03324E3726200313C7F /* AddPersonViewController.swift in Sources */,
				F0F7E02A24E30EB100313C7F /* Mutation.swift in Sources */,
				F027936A24E2224600F72530 /* ViewModel.swift in Sources */,
				F0F7E02E24E368B500313C7F /* StringError.swift in Sources */,
				F0F7E01324E24D7B00313C7F /* PersonViewController.swift in Sources */,
				F0F7E03124E3724F00313C7F /* AddPersonViewModel.swift in Sources */,
				F0B5053C24DD92E0008C97BD /* SceneDelegate.swift in Sources */,
			);
			runOnlyForDeploymentPostprocessing = 0;
		};
/* End PBXSourcesBuildPhase section */

/* Begin PBXVariantGroup section */
		F0B5054424DD92E2008C97BD /* LaunchScreen.storyboard */ = {
			isa = PBXVariantGroup;
			children = (
				F0B5054524DD92E2008C97BD /* Base */,
			);
			name = LaunchScreen.storyboard;
			sourceTree = "<group>";
		};
/* End PBXVariantGroup section */

/* Begin XCBuildConfiguration section */
		F0B5054824DD92E2008C97BD /* Debug */ = {
			isa = XCBuildConfiguration;
			buildSettings = {
				ALWAYS_SEARCH_USER_PATHS = NO;
				CLANG_ANALYZER_NONNULL = YES;
				CLANG_ANALYZER_NUMBER_OBJECT_CONVERSION = YES_AGGRESSIVE;
				CLANG_CXX_LANGUAGE_STANDARD = "gnu++14";
				CLANG_CXX_LIBRARY = "libc++";
				CLANG_ENABLE_MODULES = YES;
				CLANG_ENABLE_OBJC_ARC = YES;
				CLANG_ENABLE_OBJC_WEAK = YES;
				CLANG_WARN_BLOCK_CAPTURE_AUTORELEASING = YES;
				CLANG_WARN_BOOL_CONVERSION = YES;
				CLANG_WARN_COMMA = YES;
				CLANG_WARN_CONSTANT_CONVERSION = YES;
				CLANG_WARN_DEPRECATED_OBJC_IMPLEMENTATIONS = YES;
				CLANG_WARN_DIRECT_OBJC_ISA_USAGE = YES_ERROR;
				CLANG_WARN_DOCUMENTATION_COMMENTS = YES;
				CLANG_WARN_EMPTY_BODY = YES;
				CLANG_WARN_ENUM_CONVERSION = YES;
				CLANG_WARN_INFINITE_RECURSION = YES;
				CLANG_WARN_INT_CONVERSION = YES;
				CLANG_WARN_NON_LITERAL_NULL_CONVERSION = YES;
				CLANG_WARN_OBJC_IMPLICIT_RETAIN_SELF = YES;
				CLANG_WARN_OBJC_LITERAL_CONVERSION = YES;
				CLANG_WARN_OBJC_ROOT_CLASS = YES_ERROR;
				CLANG_WARN_RANGE_LOOP_ANALYSIS = YES;
				CLANG_WARN_STRICT_PROTOTYPES = YES;
				CLANG_WARN_SUSPICIOUS_MOVE = YES;
				CLANG_WARN_UNGUARDED_AVAILABILITY = YES_AGGRESSIVE;
				CLANG_WARN_UNREACHABLE_CODE = YES;
				CLANG_WARN__DUPLICATE_METHOD_MATCH = YES;
				COPY_PHASE_STRIP = NO;
				DEBUG_INFORMATION_FORMAT = dwarf;
				ENABLE_STRICT_OBJC_MSGSEND = YES;
				ENABLE_TESTABILITY = YES;
				GCC_C_LANGUAGE_STANDARD = gnu11;
				GCC_DYNAMIC_NO_PIC = NO;
				GCC_NO_COMMON_BLOCKS = YES;
				GCC_OPTIMIZATION_LEVEL = 0;
				GCC_PREPROCESSOR_DEFINITIONS = (
					"DEBUG=1",
					"$(inherited)",
				);
				GCC_WARN_64_TO_32_BIT_CONVERSION = YES;
				GCC_WARN_ABOUT_RETURN_TYPE = YES_ERROR;
				GCC_WARN_UNDECLARED_SELECTOR = YES;
				GCC_WARN_UNINITIALIZED_AUTOS = YES_AGGRESSIVE;
				GCC_WARN_UNUSED_FUNCTION = YES;
				GCC_WARN_UNUSED_VARIABLE = YES;
				IPHONEOS_DEPLOYMENT_TARGET = 13.5;
				MTL_ENABLE_DEBUG_INFO = INCLUDE_SOURCE;
				MTL_FAST_MATH = YES;
				ONLY_ACTIVE_ARCH = YES;
				SDKROOT = iphoneos;
				SWIFT_ACTIVE_COMPILATION_CONDITIONS = DEBUG;
				SWIFT_OPTIMIZATION_LEVEL = "-Onone";
			};
			name = Debug;
		};
		F0B5054924DD92E2008C97BD /* Release */ = {
			isa = XCBuildConfiguration;
			buildSettings = {
				ALWAYS_SEARCH_USER_PATHS = NO;
				CLANG_ANALYZER_NONNULL = YES;
				CLANG_ANALYZER_NUMBER_OBJECT_CONVERSION = YES_AGGRESSIVE;
				CLANG_CXX_LANGUAGE_STANDARD = "gnu++14";
				CLANG_CXX_LIBRARY = "libc++";
				CLANG_ENABLE_MODULES = YES;
				CLANG_ENABLE_OBJC_ARC = YES;
				CLANG_ENABLE_OBJC_WEAK = YES;
				CLANG_WARN_BLOCK_CAPTURE_AUTORELEASING = YES;
				CLANG_WARN_BOOL_CONVERSION = YES;
				CLANG_WARN_COMMA = YES;
				CLANG_WARN_CONSTANT_CONVERSION = YES;
				CLANG_WARN_DEPRECATED_OBJC_IMPLEMENTATIONS = YES;
				CLANG_WARN_DIRECT_OBJC_ISA_USAGE = YES_ERROR;
				CLANG_WARN_DOCUMENTATION_COMMENTS = YES;
				CLANG_WARN_EMPTY_BODY = YES;
				CLANG_WARN_ENUM_CONVERSION = YES;
				CLANG_WARN_INFINITE_RECURSION = YES;
				CLANG_WARN_INT_CONVERSION = YES;
				CLANG_WARN_NON_LITERAL_NULL_CONVERSION = YES;
				CLANG_WARN_OBJC_IMPLICIT_RETAIN_SELF = YES;
				CLANG_WARN_OBJC_LITERAL_CONVERSION = YES;
				CLANG_WARN_OBJC_ROOT_CLASS = YES_ERROR;
				CLANG_WARN_RANGE_LOOP_ANALYSIS = YES;
				CLANG_WARN_STRICT_PROTOTYPES = YES;
				CLANG_WARN_SUSPICIOUS_MOVE = YES;
				CLANG_WARN_UNGUARDED_AVAILABILITY = YES_AGGRESSIVE;
				CLANG_WARN_UNREACHABLE_CODE = YES;
				CLANG_WARN__DUPLICATE_METHOD_MATCH = YES;
				COPY_PHASE_STRIP = NO;
				DEBUG_INFORMATION_FORMAT = "dwarf-with-dsym";
				ENABLE_NS_ASSERTIONS = NO;
				ENABLE_STRICT_OBJC_MSGSEND = YES;
				GCC_C_LANGUAGE_STANDARD = gnu11;
				GCC_NO_COMMON_BLOCKS = YES;
				GCC_WARN_64_TO_32_BIT_CONVERSION = YES;
				GCC_WARN_ABOUT_RETURN_TYPE = YES_ERROR;
				GCC_WARN_UNDECLARED_SELECTOR = YES;
				GCC_WARN_UNINITIALIZED_AUTOS = YES_AGGRESSIVE;
				GCC_WARN_UNUSED_FUNCTION = YES;
				GCC_WARN_UNUSED_VARIABLE = YES;
				IPHONEOS_DEPLOYMENT_TARGET = 13.5;
				MTL_ENABLE_DEBUG_INFO = NO;
				MTL_FAST_MATH = YES;
				SDKROOT = iphoneos;
				SWIFT_COMPILATION_MODE = wholemodule;
				SWIFT_OPTIMIZATION_LEVEL = "-O";
				VALIDATE_PRODUCT = YES;
			};
			name = Release;
		};
		F0B5054B24DD92E2008C97BD /* Debug */ = {
			isa = XCBuildConfiguration;
			buildSettings = {
				ASSETCATALOG_COMPILER_APPICON_NAME = AppIcon;
				CODE_SIGN_STYLE = Automatic;
				FRAMEWORK_SEARCH_PATHS = (
					"$(inherited)",
					"$(PROJECT_DIR)/Carthage/Build/iOS",
				);
				INFOPLIST_FILE = People/Info.plist;
				LD_RUNPATH_SEARCH_PATHS = (
					"$(inherited)",
					"@executable_path/Frameworks",
				);
				PRODUCT_BUNDLE_IDENTIFIER = com.nageltech.People;
				PRODUCT_NAME = "$(TARGET_NAME)";
				SWIFT_VERSION = 5.0;
				TARGETED_DEVICE_FAMILY = "1,2";
			};
			name = Debug;
		};
		F0B5054C24DD92E2008C97BD /* Release */ = {
			isa = XCBuildConfiguration;
			buildSettings = {
				ASSETCATALOG_COMPILER_APPICON_NAME = AppIcon;
				CODE_SIGN_STYLE = Automatic;
				FRAMEWORK_SEARCH_PATHS = (
					"$(inherited)",
					"$(PROJECT_DIR)/Carthage/Build/iOS",
				);
				INFOPLIST_FILE = People/Info.plist;
				LD_RUNPATH_SEARCH_PATHS = (
					"$(inherited)",
					"@executable_path/Frameworks",
				);
				PRODUCT_BUNDLE_IDENTIFIER = com.nageltech.People;
				PRODUCT_NAME = "$(TARGET_NAME)";
				SWIFT_VERSION = 5.0;
				TARGETED_DEVICE_FAMILY = "1,2";
			};
			name = Release;
		};
/* End XCBuildConfiguration section */

/* Begin XCConfigurationList section */
		F0B5053124DD92E0008C97BD /* Build configuration list for PBXProject "People" */ = {
			isa = XCConfigurationList;
			buildConfigurations = (
				F0B5054824DD92E2008C97BD /* Debug */,
				F0B5054924DD92E2008C97BD /* Release */,
			);
			defaultConfigurationIsVisible = 0;
			defaultConfigurationName = Release;
		};
		F0B5054A24DD92E2008C97BD /* Build configuration list for PBXNativeTarget "People" */ = {
			isa = XCConfigurationList;
			buildConfigurations = (
				F0B5054B24DD92E2008C97BD /* Debug */,
				F0B5054C24DD92E2008C97BD /* Release */,
			);
			defaultConfigurationIsVisible = 0;
			defaultConfigurationName = Release;
		};
/* End XCConfigurationList section */
	};
	rootObject = F0B5052E24DD92E0008C97BD /* Project object */;
}
